
Microsoft Visual Studio Solution File, Format Version 12.00
# Visual Studio Version 17
VisualStudioVersion = 17.3.32922.545
MinimumVisualStudioVersion = 10.0.40219.1
Project("{8BC9CEB8-8B4A-11D0-8D11-00A0C91BC942}") = "PrxMath", "PrxMath\PrxMath.vcxproj", "{5A015DA1-6065-4D49-8C17-61708F0AC09C}"
EndProject
Project("{8BC9CEB8-8B4A-11D0-8D11-00A0C91BC942}") = "PrxEditor", "PrxEditor\PrxEditor.vcxproj", "{8433FC23-B077-443C-A139-4FCA2AF962F4}"
EndProject
Project("{8BC9CEB8-8B4A-11D0-8D11-00A0C91BC942}") = "PrxEngine", "PrxEngine\PrxEngine.vcxproj", "{4B3002D3-702E-4E49-B560-19453A72B341}"
EndProject
Project("{8BC9CEB8-8B4A-11D0-8D11-00A0C91BC942}") = "PrxUtils", "PrxUtils\PrxUtils.vcxproj", "{51C77C40-5A8D-485C-9108-64205DF57952}"
EndProject
Project("{8BC9CEB8-8B4A-11D0-8D11-00A0C91BC942}") = "PrxRenderer2D", "PrxRenderer2D\PrxRenderer2D.vcxproj", "{BB906F0D-0C60-42B7-9961-DD409F4BC034}"
EndProject
Global
	GlobalSection(SolutionConfigurationPlatforms) = preSolution
		Debug|x64 = Debug|x64
		Debug|x86 = Debug|x86
		Release|x64 = Release|x64
		Release|x86 = Release|x86
	EndGlobalSection
	GlobalSection(ProjectConfigurationPlatforms) = postSolution
		{5A015DA1-6065-4D49-8C17-61708F0AC09C}.Debug|x64.ActiveCfg = Debug|x64
		{5A015DA1-6065-4D49-8C17-61708F0AC09C}.Debug|x64.Build.0 = Debug|x64
		{5A015DA1-6065-4D49-8C17-61708F0AC09C}.Debug|x86.ActiveCfg = Debug|x64
		{5A015DA1-6065-4D49-8C17-61708F0AC09C}.Debug|x86.Build.0 = Debug|x64
		{5A015DA1-6065-4D49-8C17-61708F0AC09C}.Release|x64.ActiveCfg = Release|x64
		{5A015DA1-6065-4D49-8C17-61708F0AC09C}.Release|x64.Build.0 = Release|x64
		{5A015DA1-6065-4D49-8C17-61708F0AC09C}.Release|x86.ActiveCfg = Release|x64
		{5A015DA1-6065-4D49-8C17-61708F0AC09C}.Release|x86.Build.0 = Release|x64
		{8433FC23-B077-443C-A139-4FCA2AF962F4}.Debug|x64.ActiveCfg = Debug|x64
		{8433FC23-B077-443C-A139-4FCA2AF962F4}.Debug|x64.Build.0 = Debug|x64
		{8433FC23-B077-443C-A139-4FCA2AF962F4}.Debug|x86.ActiveCfg = Debug|x64
		{8433FC23-B077-443C-A139-4FCA2AF962F4}.Debug|x86.Build.0 = Debug|x64
		{8433FC23-B077-443C-A139-4FCA2AF962F4}.Release|x64.ActiveCfg = Release|x64
		{8433FC23-B077-443C-A139-4FCA2AF962F4}.Release|x64.Build.0 = Release|x64
		{8433FC23-B077-443C-A139-4FCA2AF962F4}.Release|x86.ActiveCfg = Release|x64
		{8433FC23-B077-443C-A139-4FCA2AF962F4}.Release|x86.Build.0 = Release|x64
		{4B3002D3-702E-4E49-B560-19453A72B341}.Debug|x64.ActiveCfg = Debug|x64
		{4B3002D3-702E-4E49-B560-19453A72B341}.Debug|x64.Build.0 = Debug|x64
		{4B3002D3-702E-4E49-B560-19453A72B341}.Debug|x86.ActiveCfg = Debug|x64
		{4B3002D3-702E-4E49-B560-19453A72B341}.Debug|x86.Build.0 = Debug|x64
		{4B3002D3-702E-4E49-B560-19453A72B341}.Release|x64.ActiveCfg = Release|x64
		{4B3002D3-702E-4E49-B560-19453A72B341}.Release|x64.Build.0 = Release|x64
		{4B3002D3-702E-4E49-B560-19453A72B341}.Release|x86.ActiveCfg = Release|x64
		{4B3002D3-702E-4E49-B560-19453A72B341}.Release|x86.Build.0 = Release|x64
		{51C77C40-5A8D-485C-9108-64205DF57952}.Debug|x64.ActiveCfg = Debug|x64
		{51C77C40-5A8D-485C-9108-64205DF57952}.Debug|x64.Build.0 = Debug|x64
		{51C77C40-5A8D-485C-9108-64205DF57952}.Debug|x86.ActiveCfg = Debug|x64
		{51C77C40-5A8D-485C-9108-64205DF57952}.Debug|x86.Build.0 = Debug|x64
		{51C77C40-5A8D-485C-9108-64205DF57952}.Release|x64.ActiveCfg = Release|x64
		{51C77C40-5A8D-485C-9108-64205DF57952}.Release|x64.Build.0 = Release|x64
		{51C77C40-5A8D-485C-9108-64205DF57952}.Release|x86.ActiveCfg = Release|x64
		{51C77C40-5A8D-485C-9108-64205DF57952}.Release|x86.Build.0 = Release|x64
		{BB906F0D-0C60-42B7-9961-DD409F4BC034}.Debug|x64.ActiveCfg = Debug|x64
		{BB906F0D-0C60-42B7-9961-DD409F4BC034}.Debug|x64.Build.0 = Debug|x64
		{BB906F0D-0C60-42B7-9961-DD409F4BC034}.Debug|x86.ActiveCfg = Debug|x64
		{BB906F0D-0C60-42B7-9961-DD409F4BC034}.Debug|x86.Build.0 = Debug|x64
		{BB906F0D-0C60-42B7-9961-DD409F4BC034}.Release|x64.ActiveCfg = Release|x64
		{BB906F0D-0C60-42B7-9961-DD409F4BC034}.Release|x64.Build.0 = Release|x64
		{BB906F0D-0C60-42B7-9961-DD409F4BC034}.Release|x86.ActiveCfg = Release|x64
		{BB906F0D-0C60-42B7-9961-DD409F4BC034}.Release|x86.Build.0 = Release|x64
	EndGlobalSection
	GlobalSection(SolutionProperties) = preSolution
		HideSolutionNode = FALSE
	EndGlobalSection
	GlobalSection(ExtensibilityGlobals) = postSolution
		SolutionGuid = {ACC2E742-6952-4976-9873-D9C284C53DA2}
	EndGlobalSection
EndGlobal
